<?xml version="1.0" encoding="UTF-8"?>
<Scheme
   version = "1.3">
   <BuildAction>
      <BuildActionEntries>
         <BuildActionEntry
            buildForRunning = "YES">
            <BuildableReference
               BuildableIdentifier = "primary"
               BlueprintIdentifier = "2FA280BF0C81378B373C87AB"
               BuildableName = "NavCtrlr AutoLayout.app"
               BlueprintName = "NavCtrlr AutoLayout"
               ReferencedContainer = "container:NavCtrlr AutoLayout.xcodeproj">
            </BuildableReference>
         </BuildActionEntry>
      </BuildActionEntries>
   </BuildAction>
   <LaunchAction
      useCustomWorkingDirectory = "NO"
      buildConfiguration = "Debug">
      <BuildableProductRunnable>
         <BuildableReference
            BuildableIdentifier = "primary"
            BlueprintIdentifier = "2FA280BF0C81378B373C87AB"
            BuildableName = "NavCtrlr AutoLayout.app"
            BlueprintName = "NavCtrlr AutoLayout"
            ReferencedContainer = "container:NavCtrlr AutoLayout.xcodeproj">
         </BuildableReference>
      </BuildableProductRunnable>
   </LaunchAction>
</Scheme>
